{
    "_readme": [
        "This file locks the dependencies of your project to a known state",
        "Read more about it at https://getcomposer.org/doc/01-basic-usage.md#installing-dependencies",
        "This file is @generated automatically"
    ],
    "content-hash": "0954e41d14f529701c51b246cee5ad6c",
    "packages": [
        {
            "name": "catfan/medoo",
            "version": "v1.5.7",
            "source": {
                "type": "git",
                "url": "https://github.com/catfan/Medoo.git",
                "reference": "8d90cba0e8ff176028847527d0ea76fe41a06ecf"
            },
            "dist": {
                "type": "zip",
                "url": "https://api.github.com/repos/catfan/Medoo/zipball/8d90cba0e8ff176028847527d0ea76fe41a06ecf",
                "reference": "8d90cba0e8ff176028847527d0ea76fe41a06ecf",
                "shasum": ""
            },
            "require": {
                "ext-pdo": "*",
                "php": ">=5.4"
            },
            "suggest": {
                "ext-pdo_dblib": "For MSSQL or Sybase database on Linux/UNIX platform",
                "ext-pdo_mysql": "For MySQL or MariaDB database",
                "ext-pdo_oci": "For Oracle database",
                "ext-pdo_oci8": "For Oracle version 8 database",
                "ext-pdo_pqsql": "For PostgreSQL database",
                "ext-pdo_sqlite": "For SQLite database",
                "ext-pdo_sqlsrv": "For MSSQL database"
            },
            "type": "framework",
            "autoload": {
                "psr-4": {
                    "Medoo\\": "/src"
                }
            },
            "notification-url": "https://packagist.org/downloads/",
            "license": [
                "MIT"
            ],
            "authors": [
                {
                    "name": "Angel Lai",
                    "email": "angel@catfan.me"
                }
            ],
            "description": "The lightest PHP database framework to accelerate development",
            "homepage": "https://medoo.in",
            "keywords": [
                "database",
                "lightweight",
                "mariadb",
                "mssql",
                "mysql",
                "oracle",
                "php framework",
                "postgresql",
                "sql",
                "sqlite"
            ],
            "time": "2018-06-14T18:59:08+00:00"
        },
        {
            "name": "clue/graph",
            "version": "v0.9.0",
            "source": {
                "type": "git",
                "url": "https://github.com/clue/graph.git",
                "reference": "0336a4d5229fa61a20ccceaeab25e52ac9542700"
            },
            "dist": {
                "type": "zip",
                "url": "https://api.github.com/repos/clue/graph/zipball/0336a4d5229fa61a20ccceaeab25e52ac9542700",
                "reference": "0336a4d5229fa61a20ccceaeab25e52ac9542700",
                "shasum": ""
            },
            "require": {
                "php": ">=5.3.0"
            },
            "require-dev": {
                "phpunit/phpunit": "~4.0"
            },
            "suggest": {
                "graphp/algorithms": "Common graph algorithms, such as Dijkstra and Moore-Bellman-Ford (shortest path), minimum spanning tree (MST), Kruskal, Prim and many more..",
                "graphp/graphviz": "GraphViz graph drawing / DOT output"
            },
            "type": "library",
            "autoload": {
                "psr-4": {
                    "Fhaculty\\Graph\\": "src/"
                }
            },
            "notification-url": "https://packagist.org/downloads/",
            "license": [
                "MIT"
            ],
            "description": "A mathematical graph/network library written in PHP",
            "homepage": "https://github.com/clue/graph",
            "keywords": [
                "edge",
                "graph",
                "mathematical",
                "network",
                "vertex"
            ],
            "time": "2015-03-07T18:11:31+00:00"
        }
    ],
    "packages-dev": [],
    "aliases": [],
    "minimum-stability": "stable",
    "stability-flags": [],
    "prefer-stable": false,
    "prefer-lowest": false,
    "platform": [],
    "platform-dev": []
}
